// !$*UTF8*$!
{
	archiveVersion = 1;
	classes = {
	};
	objectVersion = 56;
	objects = {

/* Begin PBXBuildFile section */
		3F120B342D3E66E500F5B28F /* Demo9App.swift in Sources */ = {isa = PBXBuildFile; fileRef = 3F120B332D3E66E500F5B28F /* Demo9App.swift */; };
		3F120B362D3E66E500F5B28F /* WelcomeView.swift in Sources */ = {isa = PBXBuildFile; fileRef = 3F120B352D3E66E500F5B28F /* WelcomeView.swift */; };
		3F120B382D3E66E700F5B28F /* Assets.xcassets in Resources */ = {isa = PBXBuildFile; fileRef = 3F120B372D3E66E700F5B28F /* Assets.xcassets */; };
		3F120B3B2D3E66E700F5B28F /* Preview Assets.xcassets in Resources */ = {isa = PBXBuildFile; fileRef = 3F120B3A2D3E66E700F5B28F /* Preview Assets.xcassets */; };
		3F120B422D3E66FB00F5B28F /* Launch Screen.storyboard in Resources */ = {isa = PBXBuildFile; fileRef = 3F120B412D3E66FB00F5B28F /* Launch Screen.storyboard */; };
		3F333ED92D3E7FB300525114 /* UIExtension.swift in Sources */ = {isa = PBXBuildFile; fileRef = 3F333ED82D3E7FB300525114 /* UIExtension.swift */; };
		3F58F6052D4133050045AA79 /* loginview.swift in Sources */ = {isa = PBXBuildFile; fileRef = 3F58F6042D4133050045AA79 /* loginview.swift */; };
		3FBC13572D3FB675009EE71A /* Signinview.swift in Sources */ = {isa = PBXBuildFile; fileRef = 3FBC13562D3FB675009EE71A /* Signinview.swift */; };
		3FBC13592D3FB868009EE71A /* TabButton.swift in Sources */ = {isa = PBXBuildFile; fileRef = 3FBC13582D3FB868009EE71A /* TabButton.swift */; };
		3FE062CB2D4E22DE00F50874 /* BackButton.swift in Sources */ = {isa = PBXBuildFile; fileRef = 3FE062CA2D4E22DE00F50874 /* BackButton.swift */; };
		3FE062CD2D4E232B00F50874 /* Country.swift in Sources */ = {isa = PBXBuildFile; fileRef = 3FE062CC2D4E232B00F50874 /* Country.swift */; };
		3FE062CF2D4E237200F50874 /* CountryPickerView.swift in Sources */ = {isa = PBXBuildFile; fileRef = 3FE062CE2D4E237200F50874 /* CountryPickerView.swift */; };
		3FE062D82D4E4E8300F50874 /* sectionTitleAll.swift in Sources */ = {isa = PBXBuildFile; fileRef = 3FE062D72D4E4E8300F50874 /* sectionTitleAll.swift */; };
		3FE062DA2D4E4F1500F50874 /* serviceTextfield.swift in Sources */ = {isa = PBXBuildFile; fileRef = 3FE062D92D4E4F1500F50874 /* serviceTextfield.swift */; };
		3FE062EA2D4E562A00F50874 /* UIKitExtension.swift in Sources */ = {isa = PBXBuildFile; fileRef = 3FE062E92D4E562A00F50874 /* UIKitExtension.swift */; };
		3FE713B82D5377470031D4A5 /* iPhoneNumberField in Frameworks */ = {isa = PBXBuildFile; productRef = 3FE713B72D5377470031D4A5 /* iPhoneNumberField */; };
		3FE713BB2D5377680031D4A5 /* CountryPicker in Frameworks */ = {isa = PBXBuildFile; productRef = 3FE713BA2D5377680031D4A5 /* CountryPicker */; };
/* End PBXBuildFile section */

/* Begin PBXCopyFilesBuildPhase section */
		3F8F98542D4E59B600F62F27 /* Embed Frameworks */ = {
			isa = PBXCopyFilesBuildPhase;
			buildActionMask = 2147483647;
			dstPath = "";
			dstSubfolderSpec = 10;
			files = (
			);
			name = "Embed Frameworks";
			runOnlyForDeploymentPostprocessing = 0;
		};
/* End PBXCopyFilesBuildPhase section */

/* Begin PBXFileReference section */
		3F120B302D3E66E500F5B28F /* Demo9.app */ = {isa = PBXFileReference; explicitFileType = wrapper.application; includeInIndex = 0; path = Demo9.app; sourceTree = BUILT_PRODUCTS_DIR; };
		3F120B332D3E66E500F5B28F /* Demo9App.swift */ = {isa = PBXFileReference; lastKnownFileType = sourcecode.swift; path = Demo9App.swift; sourceTree = "<group>"; };
		3F120B352D3E66E500F5B28F /* WelcomeView.swift */ = {isa = PBXFileReference; lastKnownFileType = sourcecode.swift; path = WelcomeView.swift; sourceTree = "<group>"; };
		3F120B372D3E66E700F5B28F /* Assets.xcassets */ = {isa = PBXFileReference; lastKnownFileType = folder.assetcatalog; path = Assets.xcassets; sourceTree = "<group>"; };
		3F120B3A2D3E66E700F5B28F /* Preview Assets.xcassets */ = {isa = PBXFileReference; lastKnownFileType = folder.assetcatalog; path = "Preview Assets.xcassets"; sourceTree = "<group>"; };
		3F120B412D3E66FB00F5B28F /* Launch Screen.storyboard */ = {isa = PBXFileReference; lastKnownFileType = file.storyboard; path = "Launch Screen.storyboard"; sourceTree = "<group>"; };
		3F120B442D3E683D00F5B28F /* Gilroy-Bold.ttf */ = {isa = PBXFileReference; lastKnownFileType = file; path = "Gilroy-Bold.ttf"; sourceTree = "<group>"; };
		3F120B452D3E684400F5B28F /* Gilroy-Regular.ttf */ = {isa = PBXFileReference; lastKnownFileType = file; path = "Gilroy-Regular.ttf"; sourceTree = "<group>"; };
		3F120B462D3E685300F5B28F /* Gilroy-SemiBold.ttf */ = {isa = PBXFileReference; lastKnownFileType = file; path = "Gilroy-SemiBold.ttf"; sourceTree = "<group>"; };
		3F120B472D3E68F300F5B28F /* Info.plist */ = {isa = PBXFileReference; lastKnownFileType = text.plist; path = Info.plist; sourceTree = "<group>"; };
		3F333ED82D3E7FB300525114 /* UIExtension.swift */ = {isa = PBXFileReference; fileEncoding = 4; lastKnownFileType = sourcecode.swift; path = UIExtension.swift; sourceTree = "<group>"; };
		3F58F6042D4133050045AA79 /* loginview.swift */ = {isa = PBXFileReference; lastKnownFileType = sourcecode.swift; path = loginview.swift; sourceTree = "<group>"; };
		3FBC13562D3FB675009EE71A /* Signinview.swift */ = {isa = PBXFileReference; lastKnownFileType = sourcecode.swift; path = Signinview.swift; sourceTree = "<group>"; };
		3FBC13582D3FB868009EE71A /* TabButton.swift */ = {isa = PBXFileReference; lastKnownFileType = sourcecode.swift; path = TabButton.swift; sourceTree = "<group>"; };
		3FE062CA2D4E22DE00F50874 /* BackButton.swift */ = {isa = PBXFileReference; lastKnownFileType = sourcecode.swift; path = BackButton.swift; sourceTree = "<group>"; };
		3FE062CC2D4E232B00F50874 /* Country.swift */ = {isa = PBXFileReference; lastKnownFileType = sourcecode.swift; path = Country.swift; sourceTree = "<group>"; };
		3FE062CE2D4E237200F50874 /* CountryPickerView.swift */ = {isa = PBXFileReference; lastKnownFileType = sourcecode.swift; path = CountryPickerView.swift; sourceTree = "<group>"; };
		3FE062D72D4E4E8300F50874 /* sectionTitleAll.swift */ = {isa = PBXFileReference; lastKnownFileType = sourcecode.swift; path = sectionTitleAll.swift; sourceTree = "<group>"; };
		3FE062D92D4E4F1500F50874 /* serviceTextfield.swift */ = {isa = PBXFileReference; lastKnownFileType = sourcecode.swift; path = serviceTextfield.swift; sourceTree = "<group>"; };
		3FE062E92D4E562A00F50874 /* UIKitExtension.swift */ = {isa = PBXFileReference; lastKnownFileType = sourcecode.swift; path = UIKitExtension.swift; sourceTree = "<group>"; };
/* End PBXFileReference section */

/* Begin PBXFrameworksBuildPhase section */
		3F120B2D2D3E66E500F5B28F /* Frameworks */ = {
			isa = PBXFrameworksBuildPhase;
			buildActionMask = 2147483647;
			files = (
				3FE713B82D5377470031D4A5 /* iPhoneNumberField in Frameworks */,
				3FE713BB2D5377680031D4A5 /* CountryPicker in Frameworks */,
			);
			runOnlyForDeploymentPostprocessing = 0;
		};
/* End PBXFrameworksBuildPhase section */

/* Begin PBXGroup section */
		3F120B272D3E66E500F5B28F = {
			isa = PBXGroup;
			children = (
				3F120B432D3E67C700F5B28F /* Demo */,
				3F120B322D3E66E500F5B28F /* Demo9 */,
				3F8F98452D4E589B00F62F27 /* Frameworks */,
				3F120B312D3E66E500F5B28F /* Products */,
			);
			sourceTree = "<group>";
		};
		3F120B312D3E66E500F5B28F /* Products */ = {
			isa = PBXGroup;
			children = (
				3F120B302D3E66E500F5B28F /* Demo9.app */,
			);
			name = Products;
			sourceTree = "<group>";
		};
		3F120B322D3E66E500F5B28F /* Demo9 */ = {
			isa = PBXGroup;
			children = (
				3F120B472D3E68F300F5B28F /* Info.plist */,
				3F120B412D3E66FB00F5B28F /* Launch Screen.storyboard */,
				3F120B352D3E66E500F5B28F /* WelcomeView.swift */,
				3FBC13562D3FB675009EE71A /* Signinview.swift */,
				3F58F6042D4133050045AA79 /* loginview.swift */,
				3F120B372D3E66E700F5B28F /* Assets.xcassets */,
				3FBC13552D3FB3B8009EE71A /* Uicommon */,
				3F120B392D3E66E700F5B28F /* Preview Content */,
			);
			path = Demo9;
			sourceTree = "<group>";
		};
		3F120B392D3E66E700F5B28F /* Preview Content */ = {
			isa = PBXGroup;
			children = (
				3F120B332D3E66E500F5B28F /* Demo9App.swift */,
				3F120B3A2D3E66E700F5B28F /* Preview Assets.xcassets */,
			);
			path = "Preview Content";
			sourceTree = "<group>";
		};
		3F120B432D3E67C700F5B28F /* Demo */ = {
			isa = PBXGroup;
			children = (
				3F120B452D3E684400F5B28F /* Gilroy-Regular.ttf */,
				3F120B442D3E683D00F5B28F /* Gilroy-Bold.ttf */,
				3F120B462D3E685300F5B28F /* Gilroy-SemiBold.ttf */,
			);
			path = Demo;
			sourceTree = "<group>";
		};
		3F8F98452D4E589B00F62F27 /* Frameworks */ = {
			isa = PBXGroup;
			children = (
			);
			name = Frameworks;
			sourceTree = "<group>";
		};
		3FBC13552D3FB3B8009EE71A /* Uicommon */ = {
			isa = PBXGroup;
			children = (
				3F333ED82D3E7FB300525114 /* UIExtension.swift */,
				3FBC13582D3FB868009EE71A /* TabButton.swift */,
				3FE062CA2D4E22DE00F50874 /* BackButton.swift */,
				3FE062CC2D4E232B00F50874 /* Country.swift */,
				3FE062E92D4E562A00F50874 /* UIKitExtension.swift */,
				3FE062CE2D4E237200F50874 /* CountryPickerView.swift */,
				3FE062D92D4E4F1500F50874 /* serviceTextfield.swift */,
				3FE062D72D4E4E8300F50874 /* sectionTitleAll.swift */,
			);
			path = Uicommon;
			sourceTree = "<group>";
		};
/* End PBXGroup section */

/* Begin PBXNativeTarget section */
		3F120B2F2D3E66E500F5B28F /* Demo9 */ = {
			isa = PBXNativeTarget;
			buildConfigurationList = 3F120B3E2D3E66E700F5B28F /* Build configuration list for PBXNativeTarget "Demo9" */;
			buildPhases = (
				3F120B2C2D3E66E500F5B28F /* Sources */,
				3F120B2D2D3E66E500F5B28F /* Frameworks */,
				3F120B2E2D3E66E500F5B28F /* Resources */,
				3F8F98542D4E59B600F62F27 /* Embed Frameworks */,
			);
			buildRules = (
			);
			dependencies = (
			);
			name = Demo9;
			productName = Demo9;
			productReference = 3F120B302D3E66E500F5B28F /* Demo9.app */;
			productType = "com.apple.product-type.application";
		};
/* End PBXNativeTarget section */

/* Begin PBXProject section */
		3F120B282D3E66E500F5B28F /* Project object */ = {
			isa = PBXProject;
			attributes = {
				BuildIndependentTargetsInParallel = 1;
				LastSwiftUpdateCheck = 1520;
				LastUpgradeCheck = 1520;
				TargetAttributes = {
					3F120B2F2D3E66E500F5B28F = {
						CreatedOnToolsVersion = 15.2;
					};
				};
			};
			buildConfigurationList = 3F120B2B2D3E66E500F5B28F /* Build configuration list for PBXProject "Demo9" */;
			compatibilityVersion = "Xcode 14.0";
			developmentRegion = en;
			hasScannedForEncodings = 0;
			knownRegions = (
				en,
				Base,
			);
			mainGroup = 3F120B272D3E66E500F5B28F;
			packageReferences = (
				3FE713B62D5377470031D4A5 /* XCRemoteSwiftPackageReference "iPhoneNumberField" */,
				3FE713B92D5377680031D4A5 /* XCRemoteSwiftPackageReference "CountryPicker" */,
			);
			productRefGroup = 3F120B312D3E66E500F5B28F /* Products */;
			projectDirPath = "";
			projectRoot = "";
			targets = (
				3F120B2F2D3E66E500F5B28F /* Demo9 */,
			);
		};
/* End PBXProject section */

/* Begin PBXResourcesBuildPhase section */
		3F120B2E2D3E66E500F5B28F /* Resources */ = {
			isa = PBXResourcesBuildPhase;
			buildActionMask = 2147483647;
			files = (
				3F120B422D3E66FB00F5B28F /* Launch Screen.storyboard in Resources */,
				3F120B3B2D3E66E700F5B28F /* Preview Assets.xcassets in Resources */,
				3F120B382D3E66E700F5B28F /* Assets.xcassets in Resources */,
			);
			runOnlyForDeploymentPostprocessing = 0;
		};
/* End PBXResourcesBuildPhase section */

/* Begin PBXSourcesBuildPhase section */
		3F120B2C2D3E66E500F5B28F /* Sources */ = {
			isa = PBXSourcesBuildPhase;
			buildActionMask = 2147483647;
			files = (
				3F120B362D3E66E500F5B28F /* WelcomeView.swift in Sources */,
				3F333ED92D3E7FB300525114 /* UIExtension.swift in Sources */,
				3FE062DA2D4E4F1500F50874 /* serviceTextfield.swift in Sources */,
				3FE062CD2D4E232B00F50874 /* Country.swift in Sources */,
				3FBC13572D3FB675009EE71A /* Signinview.swift in Sources */,
				3FBC13592D3FB868009EE71A /* TabButton.swift in Sources */,
				3FE062EA2D4E562A00F50874 /* UIKitExtension.swift in Sources */,
				3FE062D82D4E4E8300F50874 /* sectionTitleAll.swift in Sources */,
				3F58F6052D4133050045AA79 /* loginview.swift in Sources */,
				3FE062CB2D4E22DE00F50874 /* BackButton.swift in Sources */,
				3FE062CF2D4E237200F50874 /* CountryPickerView.swift in Sources */,
				3F120B342D3E66E500F5B28F /* Demo9App.swift in Sources */,
			);
			runOnlyForDeploymentPostprocessing = 0;
		};
/* End PBXSourcesBuildPhase section */

/* Begin XCBuildConfiguration section */
		3F120B3C2D3E66E700F5B28F /* Debug */ = {
			isa = XCBuildConfiguration;
			buildSettings = {
				ALWAYS_SEARCH_USER_PATHS = NO;
				ASSETCATALOG_COMPILER_GENERATE_SWIFT_ASSET_SYMBOL_EXTENSIONS = YES;
				CLANG_ANALYZER_NONNULL = YES;
				CLANG_ANALYZER_NUMBER_OBJECT_CONVERSION = YES_AGGRESSIVE;
				CLANG_CXX_LANGUAGE_STANDARD = "gnu++20";
				CLANG_ENABLE_MODULES = YES;
				CLANG_ENABLE_OBJC_ARC = YES;
				CLANG_ENABLE_OBJC_WEAK = YES;
				CLANG_WARN_BLOCK_CAPTURE_AUTORELEASING = YES;
				CLANG_WARN_BOOL_CONVERSION = YES;
				CLANG_WARN_COMMA = YES;
				CLANG_WARN_CONSTANT_CONVERSION = YES;
				CLANG_WARN_DEPRECATED_OBJC_IMPLEMENTATIONS = YES;
				CLANG_WARN_DIRECT_OBJC_ISA_USAGE = YES_ERROR;
				CLANG_WARN_DOCUMENTATION_COMMENTS = YES;
				CLANG_WARN_EMPTY_BODY = YES;
				CLANG_WARN_ENUM_CONVERSION = YES;
				CLANG_WARN_INFINITE_RECURSION = YES;
				CLANG_WARN_INT_CONVERSION = YES;
				CLANG_WARN_NON_LITERAL_NULL_CONVERSION = YES;
				CLANG_WARN_OBJC_IMPLICIT_RETAIN_SELF = YES;
				CLANG_WARN_OBJC_LITERAL_CONVERSION = YES;
				CLANG_WARN_OBJC_ROOT_CLASS = YES_ERROR;
				CLANG_WARN_QUOTED_INCLUDE_IN_FRAMEWORK_HEADER = YES;
				CLANG_WARN_RANGE_LOOP_ANALYSIS = YES;
				CLANG_WARN_STRICT_PROTOTYPES = YES;
				CLANG_WARN_SUSPICIOUS_MOVE = YES;
				CLANG_WARN_UNGUARDED_AVAILABILITY = YES_AGGRESSIVE;
				CLANG_WARN_UNREACHABLE_CODE = YES;
				CLANG_WARN__DUPLICATE_METHOD_MATCH = YES;
				COPY_PHASE_STRIP = NO;
				DEBUG_INFORMATION_FORMAT = dwarf;
				ENABLE_STRICT_OBJC_MSGSEND = YES;
				ENABLE_TESTABILITY = YES;
				ENABLE_USER_SCRIPT_SANDBOXING = YES;
				GCC_C_LANGUAGE_STANDARD = gnu17;
				GCC_DYNAMIC_NO_PIC = NO;
				GCC_NO_COMMON_BLOCKS = YES;
				GCC_OPTIMIZATION_LEVEL = 0;
				GCC_PREPROCESSOR_DEFINITIONS = (
					"DEBUG=1",
					"$(inherited)",
				);
				GCC_WARN_64_TO_32_BIT_CONVERSION = YES;
				GCC_WARN_ABOUT_RETURN_TYPE = YES_ERROR;
				GCC_WARN_UNDECLARED_SELECTOR = YES;
				GCC_WARN_UNINITIALIZED_AUTOS = YES_AGGRESSIVE;
				GCC_WARN_UNUSED_FUNCTION = YES;
				GCC_WARN_UNUSED_VARIABLE = YES;
				IPHONEOS_DEPLOYMENT_TARGET = 17.2;
				LOCALIZATION_PREFERS_STRING_CATALOGS = YES;
				MTL_ENABLE_DEBUG_INFO = INCLUDE_SOURCE;
				MTL_FAST_MATH = YES;
				ONLY_ACTIVE_ARCH = YES;
				SDKROOT = iphoneos;
				SWIFT_ACTIVE_COMPILATION_CONDITIONS = "DEBUG $(inherited)";
				SWIFT_OPTIMIZATION_LEVEL = "-Onone";
			};
			name = Debug;
		};
		3F120B3D2D3E66E700F5B28F /* Release */ = {
			isa = XCBuildConfiguration;
			buildSettings = {
				ALWAYS_SEARCH_USER_PATHS = NO;
				ASSETCATALOG_COMPILER_GENERATE_SWIFT_ASSET_SYMBOL_EXTENSIONS = YES;
				CLANG_ANALYZER_NONNULL = YES;
				CLANG_ANALYZER_NUMBER_OBJECT_CONVERSION = YES_AGGRESSIVE;
				CLANG_CXX_LANGUAGE_STANDARD = "gnu++20";
				CLANG_ENABLE_MODULES = YES;
				CLANG_ENABLE_OBJC_ARC = YES;
				CLANG_ENABLE_OBJC_WEAK = YES;
				CLANG_WARN_BLOCK_CAPTURE_AUTORELEASING = YES;
				CLANG_WARN_BOOL_CONVERSION = YES;
				CLANG_WARN_COMMA = YES;
				CLANG_WARN_CONSTANT_CONVERSION = YES;
				CLANG_WARN_DEPRECATED_OBJC_IMPLEMENTATIONS = YES;
				CLANG_WARN_DIRECT_OBJC_ISA_USAGE = YES_ERROR;
				CLANG_WARN_DOCUMENTATION_COMMENTS = YES;
				CLANG_WARN_EMPTY_BODY = YES;
				CLANG_WARN_ENUM_CONVERSION = YES;
				CLANG_WARN_INFINITE_RECURSION = YES;
				CLANG_WARN_INT_CONVERSION = YES;
				CLANG_WARN_NON_LITERAL_NULL_CONVERSION = YES;
				CLANG_WARN_OBJC_IMPLICIT_RETAIN_SELF = YES;
				CLANG_WARN_OBJC_LITERAL_CONVERSION = YES;
				CLANG_WARN_OBJC_ROOT_CLASS = YES_ERROR;
				CLANG_WARN_QUOTED_INCLUDE_IN_FRAMEWORK_HEADER = YES;
				CLANG_WARN_RANGE_LOOP_ANALYSIS = YES;
				CLANG_WARN_STRICT_PROTOTYPES = YES;
				CLANG_WARN_SUSPICIOUS_MOVE = YES;
				CLANG_WARN_UNGUARDED_AVAILABILITY = YES_AGGRESSIVE;
				CLANG_WARN_UNREACHABLE_CODE = YES;
				CLANG_WARN__DUPLICATE_METHOD_MATCH = YES;
				COPY_PHASE_STRIP = NO;
				DEBUG_INFORMATION_FORMAT = "dwarf-with-dsym";
				ENABLE_NS_ASSERTIONS = NO;
				ENABLE_STRICT_OBJC_MSGSEND = YES;
				ENABLE_USER_SCRIPT_SANDBOXING = YES;
				GCC_C_LANGUAGE_STANDARD = gnu17;
				GCC_NO_COMMON_BLOCKS = YES;
				GCC_WARN_64_TO_32_BIT_CONVERSION = YES;
				GCC_WARN_ABOUT_RETURN_TYPE = YES_ERROR;
				GCC_WARN_UNDECLARED_SELECTOR = YES;
				GCC_WARN_UNINITIALIZED_AUTOS = YES_AGGRESSIVE;
				GCC_WARN_UNUSED_FUNCTION = YES;
				GCC_WARN_UNUSED_VARIABLE = YES;
				IPHONEOS_DEPLOYMENT_TARGET = 17.2;
				LOCALIZATION_PREFERS_STRING_CATALOGS = YES;
				MTL_ENABLE_DEBUG_INFO = NO;
				MTL_FAST_MATH = YES;
				SDKROOT = iphoneos;
				SWIFT_COMPILATION_MODE = wholemodule;
				VALIDATE_PRODUCT = YES;
			};
			name = Release;
		};
		3F120B3F2D3E66E700F5B28F /* Debug */ = {
			isa = XCBuildConfiguration;
			buildSettings = {
				ASSETCATALOG_COMPILER_APPICON_NAME = AppIcon;
				ASSETCATALOG_COMPILER_GLOBAL_ACCENT_COLOR_NAME = AccentColor;
				CODE_SIGN_STYLE = Automatic;
				CURRENT_PROJECT_VERSION = 1;
				DEVELOPMENT_ASSET_PATHS = "\"Demo9/Preview Content\"";
				ENABLE_PREVIEWS = YES;
				GENERATE_INFOPLIST_FILE = YES;
				INFOPLIST_FILE = Demo9/Info.plist;
				INFOPLIST_KEY_CFBundleDisplayName = "Launch Screen.storyboard";
				INFOPLIST_KEY_UIApplicationSceneManifest_Generation = YES;
				INFOPLIST_KEY_UIApplicationSupportsIndirectInputEvents = YES;
				INFOPLIST_KEY_UILaunchStoryboardName = "Launch Screen.storyboard";
				INFOPLIST_KEY_UISupportedInterfaceOrientations_iPad = "UIInterfaceOrientationPortrait UIInterfaceOrientationPortraitUpsideDown UIInterfaceOrientationLandscapeLeft UIInterfaceOrientationLandscapeRight";
				INFOPLIST_KEY_UISupportedInterfaceOrientations_iPhone = "UIInterfaceOrientationPortrait UIInterfaceOrientationLandscapeLeft UIInterfaceOrientationLandscapeRight";
				LD_RUNPATH_SEARCH_PATHS = (
					"$(inherited)",
					"@executable_path/Frameworks",
				);
				MARKETING_VERSION = 1.0;
				PRODUCT_BUNDLE_IDENTIFIER = com.jenil.Demo9;
				PRODUCT_NAME = "$(TARGET_NAME)";
				SWIFT_EMIT_LOC_STRINGS = YES;
				SWIFT_VERSION = 5.0;
				TARGETED_DEVICE_FAMILY = "1,2";
			};
			name = Debug;
		};
		3F120B402D3E66E700F5B28F /* Release */ = {
			isa = XCBuildConfiguration;
			buildSettings = {
				ASSETCATALOG_COMPILER_APPICON_NAME = AppIcon;
				ASSETCATALOG_COMPILER_GLOBAL_ACCENT_COLOR_NAME = AccentColor;
				CODE_SIGN_STYLE = Automatic;
				CURRENT_PROJECT_VERSION = 1;
				DEVELOPMENT_ASSET_PATHS = "\"Demo9/Preview Content\"";
				ENABLE_PREVIEWS = YES;
				GENERATE_INFOPLIST_FILE = YES;
				INFOPLIST_FILE = Demo9/Info.plist;
				INFOPLIST_KEY_CFBundleDisplayName = "Launch Screen.storyboard";
				INFOPLIST_KEY_UIApplicationSceneManifest_Generation = YES;
				INFOPLIST_KEY_UIApplicationSupportsIndirectInputEvents = YES;
				INFOPLIST_KEY_UILaunchStoryboardName = "Launch Screen.storyboard";
				INFOPLIST_KEY_UISupportedInterfaceOrientations_iPad = "UIInterfaceOrientationPortrait UIInterfaceOrientationPortraitUpsideDown UIInterfaceOrientationLandscapeLeft UIInterfaceOrientationLandscapeRight";
				INFOPLIST_KEY_UISupportedInterfaceOrientations_iPhone = "UIInterfaceOrientationPortrait UIInterfaceOrientationLandscapeLeft UIInterfaceOrientationLandscapeRight";
				LD_RUNPATH_SEARCH_PATHS = (
					"$(inherited)",
					"@executable_path/Frameworks",
				);
				MARKETING_VERSION = 1.0;
				PRODUCT_BUNDLE_IDENTIFIER = com.jenil.Demo9;
				PRODUCT_NAME = "$(TARGET_NAME)";
				SWIFT_EMIT_LOC_STRINGS = YES;
				SWIFT_VERSION = 5.0;
				TARGETED_DEVICE_FAMILY = "1,2";
			};
			name = Release;
		};
/* End XCBuildConfiguration section */

/* Begin XCConfigurationList section */
		3F120B2B2D3E66E500F5B28F /* Build configuration list for PBXProject "Demo9" */ = {
			isa = XCConfigurationList;
			buildConfigurations = (
				3F120B3C2D3E66E700F5B28F /* Debug */,
				3F120B3D2D3E66E700F5B28F /* Release */,
			);
			defaultConfigurationIsVisible = 0;
			defaultConfigurationName = Release;
		};
		3F120B3E2D3E66E700F5B28F /* Build configuration list for PBXNativeTarget "Demo9" */ = {
			isa = XCConfigurationList;
			buildConfigurations = (
				3F120B3F2D3E66E700F5B28F /* Debug */,
				3F120B402D3E66E700F5B28F /* Release */,
			);
			defaultConfigurationIsVisible = 0;
			defaultConfigurationName = Release;
		};
/* End XCConfigurationList section */

/* Begin XCRemoteSwiftPackageReference section */
		3FE713B62D5377470031D4A5 /* XCRemoteSwiftPackageReference "iPhoneNumberField" */ = {
			isa = XCRemoteSwiftPackageReference;
			repositoryURL = "https://github.com/MojtabaHs/iPhoneNumberField";
			requirement = {
				kind = upToNextMajorVersion;
				minimumVersion = 0.10.4;
			};
		};
		3FE713B92D5377680031D4A5 /* XCRemoteSwiftPackageReference "CountryPicker" */ = {
			isa = XCRemoteSwiftPackageReference;
			repositoryURL = "https://github.com/mobven/CountryPicker.git";
			requirement = {
				kind = upToNextMajorVersion;
				minimumVersion = 2.0.3;
			};
		};
/* End XCRemoteSwiftPackageReference section */

/* Begin XCSwiftPackageProductDependency section */
		3FE713B72D5377470031D4A5 /* iPhoneNumberField */ = {
			isa = XCSwiftPackageProductDependency;
			package = 3FE713B62D5377470031D4A5 /* XCRemoteSwiftPackageReference "iPhoneNumberField" */;
			productName = iPhoneNumberField;
		};
		3FE713BA2D5377680031D4A5 /* CountryPicker */ = {
			isa = XCSwiftPackageProductDependency;
			package = 3FE713B92D5377680031D4A5 /* XCRemoteSwiftPackageReference "CountryPicker" */;
			productName = CountryPicker;
		};
/* End XCSwiftPackageProductDependency section */
	};
	rootObject = 3F120B282D3E66E500F5B28F /* Project object */;
}
